
Microsoft Visual Studio Solution File, Format Version 12.00
# Visual Studio Version 16
VisualStudioVersion = 16.0.31424.327
MinimumVisualStudioVersion = 10.0.40219.1
Project("{FAE04EC0-301F-11D3-BF4B-00C04F79EFBC}") = "MYES.Sync", "MYES.Sync\MYES.Sync.csproj", "{3F3DFDEC-BFC4-47E6-9ACD-6641E4B65CF1}"
EndProject
Project("{FAE04EC0-301F-11D3-BF4B-00C04F79EFBC}") = "MyEs", "MyEs\MyEs.csproj", "{FFBDDC42-9BE2-4665-AF53-7247FD62E5C6}"
EndProject
Global
	GlobalSection(SolutionConfigurationPlatforms) = preSolution
		Debug|Any CPU = Debug|Any CPU
		Release|Any CPU = Release|Any CPU
	EndGlobalSection
	GlobalSection(ProjectConfigurationPlatforms) = postSolution
		{3F3DFDEC-BFC4-47E6-9ACD-6641E4B65CF1}.Debug|Any CPU.ActiveCfg = Debug|Any CPU
		{3F3DFDEC-BFC4-47E6-9ACD-6641E4B65CF1}.Debug|Any CPU.Build.0 = Debug|Any CPU
		{3F3DFDEC-BFC4-47E6-9ACD-6641E4B65CF1}.Release|Any CPU.ActiveCfg = Release|Any CPU
		{3F3DFDEC-BFC4-47E6-9ACD-6641E4B65CF1}.Release|Any CPU.Build.0 = Release|Any CPU
		{FFBDDC42-9BE2-4665-AF53-7247FD62E5C6}.Debug|Any CPU.ActiveCfg = Debug|Any CPU
		{FFBDDC42-9BE2-4665-AF53-7247FD62E5C6}.Debug|Any CPU.Build.0 = Debug|Any CPU
		{FFBDDC42-9BE2-4665-AF53-7247FD62E5C6}.Release|Any CPU.ActiveCfg = Release|Any CPU
		{FFBDDC42-9BE2-4665-AF53-7247FD62E5C6}.Release|Any CPU.Build.0 = Release|Any CPU
	EndGlobalSection
	GlobalSection(SolutionProperties) = preSolution
		HideSolutionNode = FALSE
	EndGlobalSection
	GlobalSection(ExtensibilityGlobals) = postSolution
		SolutionGuid = {BAE719F1-053A-4470-90DB-A30C8022B8B5}
	EndGlobalSection
EndGlobal
